// !$*UTF8*$!
{
	archiveVersion = 1;
	classes = {
	};
	objectVersion = 55;
	objects = {

/* Begin PBXBuildFile section */
		4968F2D628CE3E1E009D2CE3 /* AppDelegate.swift in Sources */ = {isa = PBXBuildFile; fileRef = 4968F2D528CE3E1E009D2CE3 /* AppDelegate.swift */; };
		4968F2DA28CE3E1E009D2CE3 /* PopularViewController.swift in Sources */ = {isa = PBXBuildFile; fileRef = 4968F2D928CE3E1E009D2CE3 /* PopularViewController.swift */; };
		4968F2DF28CE3E1E009D2CE3 /* Assets.xcassets in Resources */ = {isa = PBXBuildFile; fileRef = 4968F2DE28CE3E1E009D2CE3 /* Assets.xcassets */; };
		4968F2E228CE3E1E009D2CE3 /* LaunchScreen.storyboard in Resources */ = {isa = PBXBuildFile; fileRef = 4968F2E028CE3E1E009D2CE3 /* LaunchScreen.storyboard */; };
		49F3C73E28CE470A007F1067 /* Api.swift in Sources */ = {isa = PBXBuildFile; fileRef = 49F3C73D28CE470A007F1067 /* Api.swift */; };
		49F3C74028CE4729007F1067 /* MoviesData.swift in Sources */ = {isa = PBXBuildFile; fileRef = 49F3C73F28CE4729007F1067 /* MoviesData.swift */; };
		49F3C74228CE472F007F1067 /* WebService.swift in Sources */ = {isa = PBXBuildFile; fileRef = 49F3C74128CE472F007F1067 /* WebService.swift */; };
		49F3C74428CE4833007F1067 /* MainListViewModel.swift in Sources */ = {isa = PBXBuildFile; fileRef = 49F3C74328CE4833007F1067 /* MainListViewModel.swift */; };
		49F3C74C28CE9205007F1067 /* TopRatedViewController.swift in Sources */ = {isa = PBXBuildFile; fileRef = 49F3C74B28CE9205007F1067 /* TopRatedViewController.swift */; };
		49F3C74E28CE9259007F1067 /* UpcomingViewController.swift in Sources */ = {isa = PBXBuildFile; fileRef = 49F3C74D28CE9259007F1067 /* UpcomingViewController.swift */; };
		49F3C75228CEA6E2007F1067 /* DetailViewController.swift in Sources */ = {isa = PBXBuildFile; fileRef = 49F3C75128CEA6E2007F1067 /* DetailViewController.swift */; };
		49F3C75428CEA717007F1067 /* DetailViewModel.swift in Sources */ = {isa = PBXBuildFile; fileRef = 49F3C75328CEA717007F1067 /* DetailViewModel.swift */; };
/* End PBXBuildFile section */

/* Begin PBXFileReference section */
		4968F2D228CE3E1E009D2CE3 /* Movies-Programmaticly-MVVM.app */ = {isa = PBXFileReference; explicitFileType = wrapper.application; includeInIndex = 0; path = "Movies-Programmaticly-MVVM.app"; sourceTree = BUILT_PRODUCTS_DIR; };
		4968F2D528CE3E1E009D2CE3 /* AppDelegate.swift */ = {isa = PBXFileReference; lastKnownFileType = sourcecode.swift; path = AppDelegate.swift; sourceTree = "<group>"; };
		4968F2D928CE3E1E009D2CE3 /* PopularViewController.swift */ = {isa = PBXFileReference; lastKnownFileType = sourcecode.swift; path = PopularViewController.swift; sourceTree = "<group>"; };
		4968F2DE28CE3E1E009D2CE3 /* Assets.xcassets */ = {isa = PBXFileReference; lastKnownFileType = folder.assetcatalog; path = Assets.xcassets; sourceTree = "<group>"; };
		4968F2E128CE3E1E009D2CE3 /* Base */ = {isa = PBXFileReference; lastKnownFileType = file.storyboard; name = Base; path = Base.lproj/LaunchScreen.storyboard; sourceTree = "<group>"; };
		4968F2E328CE3E1E009D2CE3 /* Info.plist */ = {isa = PBXFileReference; lastKnownFileType = text.plist.xml; path = Info.plist; sourceTree = "<group>"; };
		49F3C73D28CE470A007F1067 /* Api.swift */ = {isa = PBXFileReference; lastKnownFileType = sourcecode.swift; path = Api.swift; sourceTree = "<group>"; };
		49F3C73F28CE4729007F1067 /* MoviesData.swift */ = {isa = PBXFileReference; lastKnownFileType = sourcecode.swift; path = MoviesData.swift; sourceTree = "<group>"; };
		49F3C74128CE472F007F1067 /* WebService.swift */ = {isa = PBXFileReference; lastKnownFileType = sourcecode.swift; path = WebService.swift; sourceTree = "<group>"; };
		49F3C74328CE4833007F1067 /* MainListViewModel.swift */ = {isa = PBXFileReference; lastKnownFileType = sourcecode.swift; path = MainListViewModel.swift; sourceTree = "<group>"; };
		49F3C74B28CE9205007F1067 /* TopRatedViewController.swift */ = {isa = PBXFileReference; lastKnownFileType = sourcecode.swift; path = TopRatedViewController.swift; sourceTree = "<group>"; };
		49F3C74D28CE9259007F1067 /* UpcomingViewController.swift */ = {isa = PBXFileReference; lastKnownFileType = sourcecode.swift; path = UpcomingViewController.swift; sourceTree = "<group>"; };
		49F3C75128CEA6E2007F1067 /* DetailViewController.swift */ = {isa = PBXFileReference; lastKnownFileType = sourcecode.swift; path = DetailViewController.swift; sourceTree = "<group>"; };
		49F3C75328CEA717007F1067 /* DetailViewModel.swift */ = {isa = PBXFileReference; lastKnownFileType = sourcecode.swift; path = DetailViewModel.swift; sourceTree = "<group>"; };
/* End PBXFileReference section */

/* Begin PBXFrameworksBuildPhase section */
		4968F2CF28CE3E1E009D2CE3 /* Frameworks */ = {
			isa = PBXFrameworksBuildPhase;
			buildActionMask = 2147483647;
			files = (
			);
			runOnlyForDeploymentPostprocessing = 0;
		};
/* End PBXFrameworksBuildPhase section */

/* Begin PBXGroup section */
		4968F2C928CE3E1D009D2CE3 = {
			isa = PBXGroup;
			children = (
				4968F2D428CE3E1E009D2CE3 /* Movies-Programmaticly-MVVM */,
				4968F2D328CE3E1E009D2CE3 /* Products */,
			);
			sourceTree = "<group>";
		};
		4968F2D328CE3E1E009D2CE3 /* Products */ = {
			isa = PBXGroup;
			children = (
				4968F2D228CE3E1E009D2CE3 /* Movies-Programmaticly-MVVM.app */,
			);
			name = Products;
			sourceTree = "<group>";
		};
		4968F2D428CE3E1E009D2CE3 /* Movies-Programmaticly-MVVM */ = {
			isa = PBXGroup;
			children = (
				49F3C73C28CE3F10007F1067 /* Supporting Files */,
				49F3C74628CE91A3007F1067 /* View */,
				49F3C74728CE91A9007F1067 /* Constant */,
				49F3C74828CE91B1007F1067 /* Model */,
				49F3C74928CE91B8007F1067 /* Service */,
				49F3C74A28CE91BD007F1067 /* View Model */,
			);
			path = "Movies-Programmaticly-MVVM";
			sourceTree = "<group>";
		};
		49F3C73C28CE3F10007F1067 /* Supporting Files */ = {
			isa = PBXGroup;
			children = (
				4968F2D528CE3E1E009D2CE3 /* AppDelegate.swift */,
				4968F2DE28CE3E1E009D2CE3 /* Assets.xcassets */,
				4968F2E028CE3E1E009D2CE3 /* LaunchScreen.storyboard */,
				4968F2E328CE3E1E009D2CE3 /* Info.plist */,
			);
			path = "Supporting Files";
			sourceTree = "<group>";
		};
		49F3C74628CE91A3007F1067 /* View */ = {
			isa = PBXGroup;
			children = (
				4968F2D928CE3E1E009D2CE3 /* PopularViewController.swift */,
				49F3C74B28CE9205007F1067 /* TopRatedViewController.swift */,
				49F3C74D28CE9259007F1067 /* UpcomingViewController.swift */,
				49F3C75128CEA6E2007F1067 /* DetailViewController.swift */,
			);
			path = View;
			sourceTree = "<group>";
		};
		49F3C74728CE91A9007F1067 /* Constant */ = {
			isa = PBXGroup;
			children = (
				49F3C73D28CE470A007F1067 /* Api.swift */,
			);
			path = Constant;
			sourceTree = "<group>";
		};
		49F3C74828CE91B1007F1067 /* Model */ = {
			isa = PBXGroup;
			children = (
				49F3C73F28CE4729007F1067 /* MoviesData.swift */,
			);
			path = Model;
			sourceTree = "<group>";
		};
		49F3C74928CE91B8007F1067 /* Service */ = {
			isa = PBXGroup;
			children = (
				49F3C74128CE472F007F1067 /* WebService.swift */,
			);
			path = Service;
			sourceTree = "<group>";
		};
		49F3C74A28CE91BD007F1067 /* View Model */ = {
			isa = PBXGroup;
			children = (
				49F3C75328CEA717007F1067 /* DetailViewModel.swift */,
				49F3C74328CE4833007F1067 /* MainListViewModel.swift */,
			);
			path = "View Model";
			sourceTree = "<group>";
		};
/* End PBXGroup section */

/* Begin PBXNativeTarget section */
		4968F2D128CE3E1E009D2CE3 /* Movies-Programmaticly-MVVM */ = {
			isa = PBXNativeTarget;
			buildConfigurationList = 4968F2E628CE3E1E009D2CE3 /* Build configuration list for PBXNativeTarget "Movies-Programmaticly-MVVM" */;
			buildPhases = (
				4968F2CE28CE3E1E009D2CE3 /* Sources */,
				4968F2CF28CE3E1E009D2CE3 /* Frameworks */,
				4968F2D028CE3E1E009D2CE3 /* Resources */,
			);
			buildRules = (
			);
			dependencies = (
			);
			name = "Movies-Programmaticly-MVVM";
			productName = "Movies-Programmaticly-MVVM";
			productReference = 4968F2D228CE3E1E009D2CE3 /* Movies-Programmaticly-MVVM.app */;
			productType = "com.apple.product-type.application";
		};
/* End PBXNativeTarget section */

/* Begin PBXProject section */
		4968F2CA28CE3E1D009D2CE3 /* Project object */ = {
			isa = PBXProject;
			attributes = {
				BuildIndependentTargetsInParallel = 1;
				LastSwiftUpdateCheck = 1340;
				LastUpgradeCheck = 1340;
				TargetAttributes = {
					4968F2D128CE3E1E009D2CE3 = {
						CreatedOnToolsVersion = 13.4.1;
					};
				};
			};
			buildConfigurationList = 4968F2CD28CE3E1D009D2CE3 /* Build configuration list for PBXProject "Movies-Programmaticly-MVVM" */;
			compatibilityVersion = "Xcode 13.0";
			developmentRegion = en;
			hasScannedForEncodings = 0;
			knownRegions = (
				en,
				Base,
			);
			mainGroup = 4968F2C928CE3E1D009D2CE3;
			productRefGroup = 4968F2D328CE3E1E009D2CE3 /* Products */;
			projectDirPath = "";
			projectRoot = "";
			targets = (
				4968F2D128CE3E1E009D2CE3 /* Movies-Programmaticly-MVVM */,
			);
		};
/* End PBXProject section */

/* Begin PBXResourcesBuildPhase section */
		4968F2D028CE3E1E009D2CE3 /* Resources */ = {
			isa = PBXResourcesBuildPhase;
			buildActionMask = 2147483647;
			files = (
				4968F2E228CE3E1E009D2CE3 /* LaunchScreen.storyboard in Resources */,
				4968F2DF28CE3E1E009D2CE3 /* Assets.xcassets in Resources */,
			);
			runOnlyForDeploymentPostprocessing = 0;
		};
/* End PBXResourcesBuildPhase section */

/* Begin PBXSourcesBuildPhase section */
		4968F2CE28CE3E1E009D2CE3 /* Sources */ = {
			isa = PBXSourcesBuildPhase;
			buildActionMask = 2147483647;
			files = (
				49F3C75228CEA6E2007F1067 /* DetailViewController.swift in Sources */,
				49F3C74E28CE9259007F1067 /* UpcomingViewController.swift in Sources */,
				49F3C74028CE4729007F1067 /* MoviesData.swift in Sources */,
				49F3C75428CEA717007F1067 /* DetailViewModel.swift in Sources */,
				49F3C74C28CE9205007F1067 /* TopRatedViewController.swift in Sources */,
				49F3C73E28CE470A007F1067 /* Api.swift in Sources */,
				4968F2DA28CE3E1E009D2CE3 /* PopularViewController.swift in Sources */,
				49F3C74228CE472F007F1067 /* WebService.swift in Sources */,
				4968F2D628CE3E1E009D2CE3 /* AppDelegate.swift in Sources */,
				49F3C74428CE4833007F1067 /* MainListViewModel.swift in Sources */,
			);
			runOnlyForDeploymentPostprocessing = 0;
		};
/* End PBXSourcesBuildPhase section */

/* Begin PBXVariantGroup section */
		4968F2E028CE3E1E009D2CE3 /* LaunchScreen.storyboard */ = {
			isa = PBXVariantGroup;
			children = (
				4968F2E128CE3E1E009D2CE3 /* Base */,
			);
			name = LaunchScreen.storyboard;
			sourceTree = "<group>";
		};
/* End PBXVariantGroup section */

/* Begin XCBuildConfiguration section */
		4968F2E428CE3E1E009D2CE3 /* Debug */ = {
			isa = XCBuildConfiguration;
			buildSettings = {
				ALWAYS_SEARCH_USER_PATHS = NO;
				CLANG_ANALYZER_NONNULL = YES;
				CLANG_ANALYZER_NUMBER_OBJECT_CONVERSION = YES_AGGRESSIVE;
				CLANG_CXX_LANGUAGE_STANDARD = "gnu++17";
				CLANG_ENABLE_MODULES = YES;
				CLANG_ENABLE_OBJC_ARC = YES;
				CLANG_ENABLE_OBJC_WEAK = YES;
				CLANG_WARN_BLOCK_CAPTURE_AUTORELEASING = YES;
				CLANG_WARN_BOOL_CONVERSION = YES;
				CLANG_WARN_COMMA = YES;
				CLANG_WARN_CONSTANT_CONVERSION = YES;
				CLANG_WARN_DEPRECATED_OBJC_IMPLEMENTATIONS = YES;
				CLANG_WARN_DIRECT_OBJC_ISA_USAGE = YES_ERROR;
				CLANG_WARN_DOCUMENTATION_COMMENTS = YES;
				CLANG_WARN_EMPTY_BODY = YES;
				CLANG_WARN_ENUM_CONVERSION = YES;
				CLANG_WARN_INFINITE_RECURSION = YES;
				CLANG_WARN_INT_CONVERSION = YES;
				CLANG_WARN_NON_LITERAL_NULL_CONVERSION = YES;
				CLANG_WARN_OBJC_IMPLICIT_RETAIN_SELF = YES;
				CLANG_WARN_OBJC_LITERAL_CONVERSION = YES;
				CLANG_WARN_OBJC_ROOT_CLASS = YES_ERROR;
				CLANG_WARN_QUOTED_INCLUDE_IN_FRAMEWORK_HEADER = YES;
				CLANG_WARN_RANGE_LOOP_ANALYSIS = YES;
				CLANG_WARN_STRICT_PROTOTYPES = YES;
				CLANG_WARN_SUSPICIOUS_MOVE = YES;
				CLANG_WARN_UNGUARDED_AVAILABILITY = YES_AGGRESSIVE;
				CLANG_WARN_UNREACHABLE_CODE = YES;
				CLANG_WARN__DUPLICATE_METHOD_MATCH = YES;
				COPY_PHASE_STRIP = NO;
				DEBUG_INFORMATION_FORMAT = dwarf;
				ENABLE_STRICT_OBJC_MSGSEND = YES;
				ENABLE_TESTABILITY = YES;
				GCC_C_LANGUAGE_STANDARD = gnu11;
				GCC_DYNAMIC_NO_PIC = NO;
				GCC_NO_COMMON_BLOCKS = YES;
				GCC_OPTIMIZATION_LEVEL = 0;
				GCC_PREPROCESSOR_DEFINITIONS = (
					"DEBUG=1",
					"$(inherited)",
				);
				GCC_WARN_64_TO_32_BIT_CONVERSION = YES;
				GCC_WARN_ABOUT_RETURN_TYPE = YES_ERROR;
				GCC_WARN_UNDECLARED_SELECTOR = YES;
				GCC_WARN_UNINITIALIZED_AUTOS = YES_AGGRESSIVE;
				GCC_WARN_UNUSED_FUNCTION = YES;
				GCC_WARN_UNUSED_VARIABLE = YES;
				IPHONEOS_DEPLOYMENT_TARGET = 15.5;
				MTL_ENABLE_DEBUG_INFO = INCLUDE_SOURCE;
				MTL_FAST_MATH = YES;
				ONLY_ACTIVE_ARCH = YES;
				SDKROOT = iphoneos;
				SWIFT_ACTIVE_COMPILATION_CONDITIONS = DEBUG;
				SWIFT_OPTIMIZATION_LEVEL = "-Onone";
			};
			name = Debug;
		};
		4968F2E528CE3E1E009D2CE3 /* Release */ = {
			isa = XCBuildConfiguration;
			buildSettings = {
				ALWAYS_SEARCH_USER_PATHS = NO;
				CLANG_ANALYZER_NONNULL = YES;
				CLANG_ANALYZER_NUMBER_OBJECT_CONVERSION = YES_AGGRESSIVE;
				CLANG_CXX_LANGUAGE_STANDARD = "gnu++17";
				CLANG_ENABLE_MODULES = YES;
				CLANG_ENABLE_OBJC_ARC = YES;
				CLANG_ENABLE_OBJC_WEAK = YES;
				CLANG_WARN_BLOCK_CAPTURE_AUTORELEASING = YES;
				CLANG_WARN_BOOL_CONVERSION = YES;
				CLANG_WARN_COMMA = YES;
				CLANG_WARN_CONSTANT_CONVERSION = YES;
				CLANG_WARN_DEPRECATED_OBJC_IMPLEMENTATIONS = YES;
				CLANG_WARN_DIRECT_OBJC_ISA_USAGE = YES_ERROR;
				CLANG_WARN_DOCUMENTATION_COMMENTS = YES;
				CLANG_WARN_EMPTY_BODY = YES;
				CLANG_WARN_ENUM_CONVERSION = YES;
				CLANG_WARN_INFINITE_RECURSION = YES;
				CLANG_WARN_INT_CONVERSION = YES;
				CLANG_WARN_NON_LITERAL_NULL_CONVERSION = YES;
				CLANG_WARN_OBJC_IMPLICIT_RETAIN_SELF = YES;
				CLANG_WARN_OBJC_LITERAL_CONVERSION = YES;
				CLANG_WARN_OBJC_ROOT_CLASS = YES_ERROR;
				CLANG_WARN_QUOTED_INCLUDE_IN_FRAMEWORK_HEADER = YES;
				CLANG_WARN_RANGE_LOOP_ANALYSIS = YES;
				CLANG_WARN_STRICT_PROTOTYPES = YES;
				CLANG_WARN_SUSPICIOUS_MOVE = YES;
				CLANG_WARN_UNGUARDED_AVAILABILITY = YES_AGGRESSIVE;
				CLANG_WARN_UNREACHABLE_CODE = YES;
				CLANG_WARN__DUPLICATE_METHOD_MATCH = YES;
				COPY_PHASE_STRIP = NO;
				DEBUG_INFORMATION_FORMAT = "dwarf-with-dsym";
				ENABLE_NS_ASSERTIONS = NO;
				ENABLE_STRICT_OBJC_MSGSEND = YES;
				GCC_C_LANGUAGE_STANDARD = gnu11;
				GCC_NO_COMMON_BLOCKS = YES;
				GCC_WARN_64_TO_32_BIT_CONVERSION = YES;
				GCC_WARN_ABOUT_RETURN_TYPE = YES_ERROR;
				GCC_WARN_UNDECLARED_SELECTOR = YES;
				GCC_WARN_UNINITIALIZED_AUTOS = YES_AGGRESSIVE;
				GCC_WARN_UNUSED_FUNCTION = YES;
				GCC_WARN_UNUSED_VARIABLE = YES;
				IPHONEOS_DEPLOYMENT_TARGET = 15.5;
				MTL_ENABLE_DEBUG_INFO = NO;
				MTL_FAST_MATH = YES;
				SDKROOT = iphoneos;
				SWIFT_COMPILATION_MODE = wholemodule;
				SWIFT_OPTIMIZATION_LEVEL = "-O";
				VALIDATE_PRODUCT = YES;
			};
			name = Release;
		};
		4968F2E728CE3E1E009D2CE3 /* Debug */ = {
			isa = XCBuildConfiguration;
			buildSettings = {
				ASSETCATALOG_COMPILER_APPICON_NAME = AppIcon;
				ASSETCATALOG_COMPILER_GLOBAL_ACCENT_COLOR_NAME = AccentColor;
				CODE_SIGN_STYLE = Automatic;
				CURRENT_PROJECT_VERSION = 1;
				DEVELOPMENT_TEAM = 6V95RY6DBJ;
				GENERATE_INFOPLIST_FILE = YES;
				INFOPLIST_FILE = "Movies-Programmaticly-MVVM/Supporting Files/Info.plist";
				INFOPLIST_KEY_UIApplicationSupportsIndirectInputEvents = YES;
				INFOPLIST_KEY_UILaunchStoryboardName = LaunchScreen;
				INFOPLIST_KEY_UIMainStoryboardFile = "";
				INFOPLIST_KEY_UISupportedInterfaceOrientations = UIInterfaceOrientationPortrait;
				INFOPLIST_KEY_UISupportedInterfaceOrientations_iPad = "UIInterfaceOrientationPortrait UIInterfaceOrientationPortraitUpsideDown UIInterfaceOrientationLandscapeLeft UIInterfaceOrientationLandscapeRight";
				INFOPLIST_KEY_UISupportedInterfaceOrientations_iPhone = "UIInterfaceOrientationPortrait UIInterfaceOrientationLandscapeLeft UIInterfaceOrientationLandscapeRight";
				LD_RUNPATH_SEARCH_PATHS = (
					"$(inherited)",
					"@executable_path/Frameworks",
				);
				MARKETING_VERSION = 1.0;
				PRODUCT_BUNDLE_IDENTIFIER = "info.Movies-Programmaticly-MVVM";
				PRODUCT_NAME = "$(TARGET_NAME)";
				SWIFT_EMIT_LOC_STRINGS = YES;
				SWIFT_VERSION = 5.0;
				TARGETED_DEVICE_FAMILY = "1,2";
			};
			name = Debug;
		};
		4968F2E828CE3E1E009D2CE3 /* Release */ = {
			isa = XCBuildConfiguration;
			buildSettings = {
				ASSETCATALOG_COMPILER_APPICON_NAME = AppIcon;
				ASSETCATALOG_COMPILER_GLOBAL_ACCENT_COLOR_NAME = AccentColor;
				CODE_SIGN_STYLE = Automatic;
				CURRENT_PROJECT_VERSION = 1;
				DEVELOPMENT_TEAM = 6V95RY6DBJ;
				GENERATE_INFOPLIST_FILE = YES;
				INFOPLIST_FILE = "Movies-Programmaticly-MVVM/Supporting Files/Info.plist";
				INFOPLIST_KEY_UIApplicationSupportsIndirectInputEvents = YES;
				INFOPLIST_KEY_UILaunchStoryboardName = LaunchScreen;
				INFOPLIST_KEY_UIMainStoryboardFile = "";
				INFOPLIST_KEY_UISupportedInterfaceOrientations = UIInterfaceOrientationPortrait;
				INFOPLIST_KEY_UISupportedInterfaceOrientations_iPad = "UIInterfaceOrientationPortrait UIInterfaceOrientationPortraitUpsideDown UIInterfaceOrientationLandscapeLeft UIInterfaceOrientationLandscapeRight";
				INFOPLIST_KEY_UISupportedInterfaceOrientations_iPhone = "UIInterfaceOrientationPortrait UIInterfaceOrientationLandscapeLeft UIInterfaceOrientationLandscapeRight";
				LD_RUNPATH_SEARCH_PATHS = (
					"$(inherited)",
					"@executable_path/Frameworks",
				);
				MARKETING_VERSION = 1.0;
				PRODUCT_BUNDLE_IDENTIFIER = "info.Movies-Programmaticly-MVVM";
				PRODUCT_NAME = "$(TARGET_NAME)";
				SWIFT_EMIT_LOC_STRINGS = YES;
				SWIFT_VERSION = 5.0;
				TARGETED_DEVICE_FAMILY = "1,2";
			};
			name = Release;
		};
/* End XCBuildConfiguration section */

/* Begin XCConfigurationList section */
		4968F2CD28CE3E1D009D2CE3 /* Build configuration list for PBXProject "Movies-Programmaticly-MVVM" */ = {
			isa = XCConfigurationList;
			buildConfigurations = (
				4968F2E428CE3E1E009D2CE3 /* Debug */,
				4968F2E528CE3E1E009D2CE3 /* Release */,
			);
			defaultConfigurationIsVisible = 0;
			defaultConfigurationName = Release;
		};
		4968F2E628CE3E1E009D2CE3 /* Build configuration list for PBXNativeTarget "Movies-Programmaticly-MVVM" */ = {
			isa = XCConfigurationList;
			buildConfigurations = (
				4968F2E728CE3E1E009D2CE3 /* Debug */,
				4968F2E828CE3E1E009D2CE3 /* Release */,
			);
			defaultConfigurationIsVisible = 0;
			defaultConfigurationName = Release;
		};
/* End XCConfigurationList section */
	};
	rootObject = 4968F2CA28CE3E1D009D2CE3 /* Project object */;
}
